
Microsoft Visual Studio Solution File, Format Version 12.00
# Visual Studio Version 17
VisualStudioVersion = 17.13.35825.156
MinimumVisualStudioVersion = 10.0.40219.1
Project("{8BC9CEB8-8B4A-11D0-8D11-00A0C91BC942}") = "GLAD", "GLAD\GLAD.vcxproj", "{DA6750CB-ADA4-4B08-AEE5-886156301A99}"
EndProject
Project("{8BC9CEB8-8B4A-11D0-8D11-00A0C91BC942}") = "VORTEK_UTILITIES", "VORTEK_UTILITIES\VORTEK_UTILITIES.vcxproj", "{7D0A7DB9-8F7B-4887-AE81-10F7487C5549}"
EndProject
Project("{8BC9CEB8-8B4A-11D0-8D11-00A0C91BC942}") = "VORTEK_WINDOW", "VORTEK_WINDOW\VORTEK_WINDOW.vcxproj", "{23C973C0-E040-4CF8-9029-1A76E0A776F0}"
EndProject
Project("{8BC9CEB8-8B4A-11D0-8D11-00A0C91BC942}") = "VORTEK_EDITOR", "VORTEK_EDITOR\VORTEK_EDITOR.vcxproj", "{61864FAC-7CA2-49A5-B4C5-C30C0EB934E2}"
EndProject
Project("{8BC9CEB8-8B4A-11D0-8D11-00A0C91BC942}") = "SOIL", "SOIL\SOIL.vcxproj", "{57C50C28-056B-4B04-B5F3-FC594C25BA78}"
EndProject
Project("{8BC9CEB8-8B4A-11D0-8D11-00A0C91BC942}") = "VORTEK_RENDERING", "VORTEK_RENDERING\VORTEK_RENDERING.vcxproj", "{D7BACB24-7234-41BA-A075-6AE6B85077F3}"
EndProject
Project("{8BC9CEB8-8B4A-11D0-8D11-00A0C91BC942}") = "VORTEK_LOGGER", "VORTEK_LOGGER\VORTEK_LOGGER.vcxproj", "{95209233-3A27-4EDF-82F3-13F6662E354A}"
EndProject
Project("{8BC9CEB8-8B4A-11D0-8D11-00A0C91BC942}") = "VORTEK_CORE", "VORTEK_CORE\VORTEK_CORE.vcxproj", "{F05A811D-3D08-475E-A0C8-BFE481DB5C59}"
EndProject
Project("{8BC9CEB8-8B4A-11D0-8D11-00A0C91BC942}") = "VORTEK_SOUNDS", "VORTEK_SOUNDS\VORTEK_SOUNDS.vcxproj", "{278E5C7A-1E5E-4255-9467-87270785BA81}"
EndProject
Project("{8BC9CEB8-8B4A-11D0-8D11-00A0C91BC942}") = "VORTEK_PHYSICS", "VORTEK_PHYSICS\VORTEK_PHYSICS.vcxproj", "{188C1636-4D8B-4BEB-82BB-09203CC6EF73}"
EndProject
Project("{8BC9CEB8-8B4A-11D0-8D11-00A0C91BC942}") = "ImGui", "ImGui\ImGui.vcxproj", "{0177EDCD-FC6A-4449-BAB5-39A7F8473127}"
EndProject
Project("{8BC9CEB8-8B4A-11D0-8D11-00A0C91BC942}") = "VORTEK_FILESYSTEM", "VORTEK_FILESYSTEM\VORTEK_FILESYSTEM.vcxproj", "{F54ED4F1-CE55-4E24-AE72-F6A56CEE147A}"
EndProject
Global
	GlobalSection(SolutionConfigurationPlatforms) = preSolution
		Debug|x64 = Debug|x64
		Debug|x86 = Debug|x86
		Release|x64 = Release|x64
		Release|x86 = Release|x86
	EndGlobalSection
	GlobalSection(ProjectConfigurationPlatforms) = postSolution
		{DA6750CB-ADA4-4B08-AEE5-886156301A99}.Debug|x64.ActiveCfg = Debug|x64
		{DA6750CB-ADA4-4B08-AEE5-886156301A99}.Debug|x64.Build.0 = Debug|x64
		{DA6750CB-ADA4-4B08-AEE5-886156301A99}.Debug|x86.ActiveCfg = Debug|Win32
		{DA6750CB-ADA4-4B08-AEE5-886156301A99}.Debug|x86.Build.0 = Debug|Win32
		{DA6750CB-ADA4-4B08-AEE5-886156301A99}.Release|x64.ActiveCfg = Release|x64
		{DA6750CB-ADA4-4B08-AEE5-886156301A99}.Release|x64.Build.0 = Release|x64
		{DA6750CB-ADA4-4B08-AEE5-886156301A99}.Release|x86.ActiveCfg = Release|Win32
		{DA6750CB-ADA4-4B08-AEE5-886156301A99}.Release|x86.Build.0 = Release|Win32
		{7D0A7DB9-8F7B-4887-AE81-10F7487C5549}.Debug|x64.ActiveCfg = Debug|x64
		{7D0A7DB9-8F7B-4887-AE81-10F7487C5549}.Debug|x64.Build.0 = Debug|x64
		{7D0A7DB9-8F7B-4887-AE81-10F7487C5549}.Debug|x86.ActiveCfg = Debug|Win32
		{7D0A7DB9-8F7B-4887-AE81-10F7487C5549}.Debug|x86.Build.0 = Debug|Win32
		{7D0A7DB9-8F7B-4887-AE81-10F7487C5549}.Release|x64.ActiveCfg = Release|x64
		{7D0A7DB9-8F7B-4887-AE81-10F7487C5549}.Release|x64.Build.0 = Release|x64
		{7D0A7DB9-8F7B-4887-AE81-10F7487C5549}.Release|x86.ActiveCfg = Release|Win32
		{7D0A7DB9-8F7B-4887-AE81-10F7487C5549}.Release|x86.Build.0 = Release|Win32
		{23C973C0-E040-4CF8-9029-1A76E0A776F0}.Debug|x64.ActiveCfg = Debug|x64
		{23C973C0-E040-4CF8-9029-1A76E0A776F0}.Debug|x64.Build.0 = Debug|x64
		{23C973C0-E040-4CF8-9029-1A76E0A776F0}.Debug|x86.ActiveCfg = Debug|Win32
		{23C973C0-E040-4CF8-9029-1A76E0A776F0}.Debug|x86.Build.0 = Debug|Win32
		{23C973C0-E040-4CF8-9029-1A76E0A776F0}.Release|x64.ActiveCfg = Release|x64
		{23C973C0-E040-4CF8-9029-1A76E0A776F0}.Release|x64.Build.0 = Release|x64
		{23C973C0-E040-4CF8-9029-1A76E0A776F0}.Release|x86.ActiveCfg = Release|Win32
		{23C973C0-E040-4CF8-9029-1A76E0A776F0}.Release|x86.Build.0 = Release|Win32
		{61864FAC-7CA2-49A5-B4C5-C30C0EB934E2}.Debug|x64.ActiveCfg = Debug|x64
		{61864FAC-7CA2-49A5-B4C5-C30C0EB934E2}.Debug|x64.Build.0 = Debug|x64
		{61864FAC-7CA2-49A5-B4C5-C30C0EB934E2}.Debug|x86.ActiveCfg = Debug|Win32
		{61864FAC-7CA2-49A5-B4C5-C30C0EB934E2}.Debug|x86.Build.0 = Debug|Win32
		{61864FAC-7CA2-49A5-B4C5-C30C0EB934E2}.Release|x64.ActiveCfg = Release|x64
		{61864FAC-7CA2-49A5-B4C5-C30C0EB934E2}.Release|x64.Build.0 = Release|x64
		{61864FAC-7CA2-49A5-B4C5-C30C0EB934E2}.Release|x86.ActiveCfg = Release|Win32
		{61864FAC-7CA2-49A5-B4C5-C30C0EB934E2}.Release|x86.Build.0 = Release|Win32
		{57C50C28-056B-4B04-B5F3-FC594C25BA78}.Debug|x64.ActiveCfg = Debug|x64
		{57C50C28-056B-4B04-B5F3-FC594C25BA78}.Debug|x64.Build.0 = Debug|x64
		{57C50C28-056B-4B04-B5F3-FC594C25BA78}.Debug|x86.ActiveCfg = Debug|Win32
		{57C50C28-056B-4B04-B5F3-FC594C25BA78}.Debug|x86.Build.0 = Debug|Win32
		{57C50C28-056B-4B04-B5F3-FC594C25BA78}.Release|x64.ActiveCfg = Release|x64
		{57C50C28-056B-4B04-B5F3-FC594C25BA78}.Release|x64.Build.0 = Release|x64
		{57C50C28-056B-4B04-B5F3-FC594C25BA78}.Release|x86.ActiveCfg = Release|Win32
		{57C50C28-056B-4B04-B5F3-FC594C25BA78}.Release|x86.Build.0 = Release|Win32
		{D7BACB24-7234-41BA-A075-6AE6B85077F3}.Debug|x64.ActiveCfg = Debug|x64
		{D7BACB24-7234-41BA-A075-6AE6B85077F3}.Debug|x64.Build.0 = Debug|x64
		{D7BACB24-7234-41BA-A075-6AE6B85077F3}.Debug|x86.ActiveCfg = Debug|Win32
		{D7BACB24-7234-41BA-A075-6AE6B85077F3}.Debug|x86.Build.0 = Debug|Win32
		{D7BACB24-7234-41BA-A075-6AE6B85077F3}.Release|x64.ActiveCfg = Release|x64
		{D7BACB24-7234-41BA-A075-6AE6B85077F3}.Release|x64.Build.0 = Release|x64
		{D7BACB24-7234-41BA-A075-6AE6B85077F3}.Release|x86.ActiveCfg = Release|Win32
		{D7BACB24-7234-41BA-A075-6AE6B85077F3}.Release|x86.Build.0 = Release|Win32
		{95209233-3A27-4EDF-82F3-13F6662E354A}.Debug|x64.ActiveCfg = Debug|x64
		{95209233-3A27-4EDF-82F3-13F6662E354A}.Debug|x64.Build.0 = Debug|x64
		{95209233-3A27-4EDF-82F3-13F6662E354A}.Debug|x86.ActiveCfg = Debug|Win32
		{95209233-3A27-4EDF-82F3-13F6662E354A}.Debug|x86.Build.0 = Debug|Win32
		{95209233-3A27-4EDF-82F3-13F6662E354A}.Release|x64.ActiveCfg = Release|x64
		{95209233-3A27-4EDF-82F3-13F6662E354A}.Release|x64.Build.0 = Release|x64
		{95209233-3A27-4EDF-82F3-13F6662E354A}.Release|x86.ActiveCfg = Release|Win32
		{95209233-3A27-4EDF-82F3-13F6662E354A}.Release|x86.Build.0 = Release|Win32
		{F05A811D-3D08-475E-A0C8-BFE481DB5C59}.Debug|x64.ActiveCfg = Debug|x64
		{F05A811D-3D08-475E-A0C8-BFE481DB5C59}.Debug|x64.Build.0 = Debug|x64
		{F05A811D-3D08-475E-A0C8-BFE481DB5C59}.Debug|x86.ActiveCfg = Debug|Win32
		{F05A811D-3D08-475E-A0C8-BFE481DB5C59}.Debug|x86.Build.0 = Debug|Win32
		{F05A811D-3D08-475E-A0C8-BFE481DB5C59}.Release|x64.ActiveCfg = Release|x64
		{F05A811D-3D08-475E-A0C8-BFE481DB5C59}.Release|x64.Build.0 = Release|x64
		{F05A811D-3D08-475E-A0C8-BFE481DB5C59}.Release|x86.ActiveCfg = Release|Win32
		{F05A811D-3D08-475E-A0C8-BFE481DB5C59}.Release|x86.Build.0 = Release|Win32
		{278E5C7A-1E5E-4255-9467-87270785BA81}.Debug|x64.ActiveCfg = Debug|x64
		{278E5C7A-1E5E-4255-9467-87270785BA81}.Debug|x64.Build.0 = Debug|x64
		{278E5C7A-1E5E-4255-9467-87270785BA81}.Debug|x86.ActiveCfg = Debug|Win32
		{278E5C7A-1E5E-4255-9467-87270785BA81}.Debug|x86.Build.0 = Debug|Win32
		{278E5C7A-1E5E-4255-9467-87270785BA81}.Release|x64.ActiveCfg = Release|x64
		{278E5C7A-1E5E-4255-9467-87270785BA81}.Release|x64.Build.0 = Release|x64
		{278E5C7A-1E5E-4255-9467-87270785BA81}.Release|x86.ActiveCfg = Release|Win32
		{278E5C7A-1E5E-4255-9467-87270785BA81}.Release|x86.Build.0 = Release|Win32
		{188C1636-4D8B-4BEB-82BB-09203CC6EF73}.Debug|x64.ActiveCfg = Debug|x64
		{188C1636-4D8B-4BEB-82BB-09203CC6EF73}.Debug|x64.Build.0 = Debug|x64
		{188C1636-4D8B-4BEB-82BB-09203CC6EF73}.Debug|x86.ActiveCfg = Debug|Win32
		{188C1636-4D8B-4BEB-82BB-09203CC6EF73}.Debug|x86.Build.0 = Debug|Win32
		{188C1636-4D8B-4BEB-82BB-09203CC6EF73}.Release|x64.ActiveCfg = Release|x64
		{188C1636-4D8B-4BEB-82BB-09203CC6EF73}.Release|x64.Build.0 = Release|x64
		{188C1636-4D8B-4BEB-82BB-09203CC6EF73}.Release|x86.ActiveCfg = Release|Win32
		{188C1636-4D8B-4BEB-82BB-09203CC6EF73}.Release|x86.Build.0 = Release|Win32
		{0177EDCD-FC6A-4449-BAB5-39A7F8473127}.Debug|x64.ActiveCfg = Debug|x64
		{0177EDCD-FC6A-4449-BAB5-39A7F8473127}.Debug|x64.Build.0 = Debug|x64
		{0177EDCD-FC6A-4449-BAB5-39A7F8473127}.Debug|x86.ActiveCfg = Debug|Win32
		{0177EDCD-FC6A-4449-BAB5-39A7F8473127}.Debug|x86.Build.0 = Debug|Win32
		{0177EDCD-FC6A-4449-BAB5-39A7F8473127}.Release|x64.ActiveCfg = Release|x64
		{0177EDCD-FC6A-4449-BAB5-39A7F8473127}.Release|x64.Build.0 = Release|x64
		{0177EDCD-FC6A-4449-BAB5-39A7F8473127}.Release|x86.ActiveCfg = Release|Win32
		{0177EDCD-FC6A-4449-BAB5-39A7F8473127}.Release|x86.Build.0 = Release|Win32
		{F54ED4F1-CE55-4E24-AE72-F6A56CEE147A}.Debug|x64.ActiveCfg = Debug|x64
		{F54ED4F1-CE55-4E24-AE72-F6A56CEE147A}.Debug|x64.Build.0 = Debug|x64
		{F54ED4F1-CE55-4E24-AE72-F6A56CEE147A}.Debug|x86.ActiveCfg = Debug|Win32
		{F54ED4F1-CE55-4E24-AE72-F6A56CEE147A}.Debug|x86.Build.0 = Debug|Win32
		{F54ED4F1-CE55-4E24-AE72-F6A56CEE147A}.Release|x64.ActiveCfg = Release|x64
		{F54ED4F1-CE55-4E24-AE72-F6A56CEE147A}.Release|x64.Build.0 = Release|x64
		{F54ED4F1-CE55-4E24-AE72-F6A56CEE147A}.Release|x86.ActiveCfg = Release|Win32
		{F54ED4F1-CE55-4E24-AE72-F6A56CEE147A}.Release|x86.Build.0 = Release|Win32
	EndGlobalSection
	GlobalSection(SolutionProperties) = preSolution
		HideSolutionNode = FALSE
	EndGlobalSection
	GlobalSection(ExtensibilityGlobals) = postSolution
		SolutionGuid = {76346ABA-73EF-4B0E-8C8E-AC253C529E50}
	EndGlobalSection
EndGlobal
